github.com/byorty/clitable v0.0.0-20150722055417-9f60651b8308 h1:iZ5HdQxRoAfipxT5NBd2Mlth8Ff6MBQpoy5SFGezmlw=
github.com/byorty/clitable v0.0.0-20150722055417-9f60651b8308/go.mod h1:Ue//Mvr04vpK/Y/Wtu0BCdpNcq/QTJN4YqyYrORgSyk=
github.com/byorty/dkim v0.0.0-20150719182401-d5e4f9348553 h1:Ko3nY7Vl/sgMqV+XK/jH8N7flFuPMTk8TW3wouED0bM=
github.com/byorty/dkim v0.0.0-20150719182401-d5e4f9348553/go.mod h1:G3LMb8Cv0CiG7ctLLhK97l05DdoQI/fX3emXpwXa9TE=
github.com/streadway/amqp v0.0.0-20190404075320-75d898a42a94 h1:0ngsPmuP6XIjiFRNFYlvKwSr5zff2v+uPHaffZ6/M4k=
github.com/streadway/amqp v0.0.0-20190404075320-75d898a42a94/go.mod h1:AZpEONHx3DKn8O/DFsRAY58/XVQiIPMTMB1SddzLXVw=
gopkg.in/check.v1 v0.0.0-20161208181325-20d25e280405 h1:yhCVgyC4o1eVCa2tZl7eS0r+SDo693bJlVdllGtEeKM=
gopkg.in/check.v1 v0.0.0-20161208181325-20d25e280405/go.mod h1:Co6ibVJAznAaIkqp8huTwlJQCZ016jof/cbN4VW5Yz0=
gopkg.in/check.v1 v1.0.0-20180628173108-788fd7840127/go.mod h1:Co6ibVJAznAaIkqp8huTwlJQCZ016jof/cbN4VW5Yz0=
gopkg.in/yaml.v2 v2.2.2 h1:ZCJp+EgiOT7lHqUV2J862kp8Qj64Jo6az82+3Td9dZw=
gopkg.in/yaml.v2 v2.2.2/go.mod h1:hI93XBmqTisBFMUTm0b8Fm+jr3Dg1NNxqwp+5A1VGuI=
